
Microsoft Visual Studio Solution File, Format Version 12.00
# Visual Studio 2012
Project("{FAE04EC0-301F-11D3-BF4B-00C04F79EFBC}") = "Sertie.Core", "Sertie.Core\Sertie.Core.csproj", "{D8770E85-8AB3-4D26-89FE-00221A6063BD}"
EndProject
Project("{FAE04EC0-301F-11D3-BF4B-00C04F79EFBC}") = "Sertie.CrossMobile", "Sertie.CrossMobile\Sertie.CrossMobile\Sertie.CrossMobile.csproj", "{018E45EB-9002-4D40-9078-4F59E1544E88}"
EndProject
Project("{FAE04EC0-301F-11D3-BF4B-00C04F79EFBC}") = "Sertie.CrossMobile.iOS", "Sertie.CrossMobile\Sertie.CrossMobile.iOS\Sertie.CrossMobile.iOS.csproj", "{FF37393A-4A13-443E-B782-87AC8CE2C17E}"
EndProject
Project("{FAE04EC0-301F-11D3-BF4B-00C04F79EFBC}") = "Sertie.CrossMobile.Android", "Sertie.CrossMobile\Sertie.CrossMobile.Android\Sertie.CrossMobile.Android.csproj", "{680C5336-0C0C-4F11-8557-830FC4773FA9}"
EndProject
Global
	GlobalSection(SolutionConfigurationPlatforms) = preSolution
		Ad-Hoc|Any CPU = Ad-Hoc|Any CPU
		Ad-Hoc|iPhone = Ad-Hoc|iPhone
		Ad-Hoc|iPhoneSimulator = Ad-Hoc|iPhoneSimulator
		Ad-Hoc|Mixed Platforms = Ad-Hoc|Mixed Platforms
		AppStore|Any CPU = AppStore|Any CPU
		AppStore|iPhone = AppStore|iPhone
		AppStore|iPhoneSimulator = AppStore|iPhoneSimulator
		AppStore|Mixed Platforms = AppStore|Mixed Platforms
		Debug|Any CPU = Debug|Any CPU
		Debug|iPhone = Debug|iPhone
		Debug|iPhoneSimulator = Debug|iPhoneSimulator
		Debug|Mixed Platforms = Debug|Mixed Platforms
		Release|Any CPU = Release|Any CPU
		Release|iPhone = Release|iPhone
		Release|iPhoneSimulator = Release|iPhoneSimulator
		Release|Mixed Platforms = Release|Mixed Platforms
	EndGlobalSection
	GlobalSection(ProjectConfigurationPlatforms) = postSolution
		{D8770E85-8AB3-4D26-89FE-00221A6063BD}.Ad-Hoc|Any CPU.ActiveCfg = Release|Any CPU
		{D8770E85-8AB3-4D26-89FE-00221A6063BD}.Ad-Hoc|Any CPU.Build.0 = Release|Any CPU
		{D8770E85-8AB3-4D26-89FE-00221A6063BD}.Ad-Hoc|iPhone.ActiveCfg = Release|Any CPU
		{D8770E85-8AB3-4D26-89FE-00221A6063BD}.Ad-Hoc|iPhoneSimulator.ActiveCfg = Release|Any CPU
		{D8770E85-8AB3-4D26-89FE-00221A6063BD}.Ad-Hoc|Mixed Platforms.ActiveCfg = Release|Any CPU
		{D8770E85-8AB3-4D26-89FE-00221A6063BD}.Ad-Hoc|Mixed Platforms.Build.0 = Release|Any CPU
		{D8770E85-8AB3-4D26-89FE-00221A6063BD}.AppStore|Any CPU.ActiveCfg = Release|Any CPU
		{D8770E85-8AB3-4D26-89FE-00221A6063BD}.AppStore|Any CPU.Build.0 = Release|Any CPU
		{D8770E85-8AB3-4D26-89FE-00221A6063BD}.AppStore|iPhone.ActiveCfg = Release|Any CPU
		{D8770E85-8AB3-4D26-89FE-00221A6063BD}.AppStore|iPhoneSimulator.ActiveCfg = Release|Any CPU
		{D8770E85-8AB3-4D26-89FE-00221A6063BD}.AppStore|Mixed Platforms.ActiveCfg = Release|Any CPU
		{D8770E85-8AB3-4D26-89FE-00221A6063BD}.AppStore|Mixed Platforms.Build.0 = Release|Any CPU
		{D8770E85-8AB3-4D26-89FE-00221A6063BD}.Debug|Any CPU.ActiveCfg = Debug|Any CPU
		{D8770E85-8AB3-4D26-89FE-00221A6063BD}.Debug|Any CPU.Build.0 = Debug|Any CPU
		{D8770E85-8AB3-4D26-89FE-00221A6063BD}.Debug|iPhone.ActiveCfg = Debug|Any CPU
		{D8770E85-8AB3-4D26-89FE-00221A6063BD}.Debug|iPhoneSimulator.ActiveCfg = Debug|Any CPU
		{D8770E85-8AB3-4D26-89FE-00221A6063BD}.Debug|Mixed Platforms.ActiveCfg = Debug|Any CPU
		{D8770E85-8AB3-4D26-89FE-00221A6063BD}.Debug|Mixed Platforms.Build.0 = Debug|Any CPU
		{D8770E85-8AB3-4D26-89FE-00221A6063BD}.Release|Any CPU.ActiveCfg = Release|Any CPU
		{D8770E85-8AB3-4D26-89FE-00221A6063BD}.Release|Any CPU.Build.0 = Release|Any CPU
		{D8770E85-8AB3-4D26-89FE-00221A6063BD}.Release|iPhone.ActiveCfg = Release|Any CPU
		{D8770E85-8AB3-4D26-89FE-00221A6063BD}.Release|iPhoneSimulator.ActiveCfg = Release|Any CPU
		{D8770E85-8AB3-4D26-89FE-00221A6063BD}.Release|Mixed Platforms.ActiveCfg = Release|Any CPU
		{D8770E85-8AB3-4D26-89FE-00221A6063BD}.Release|Mixed Platforms.Build.0 = Release|Any CPU
		{018E45EB-9002-4D40-9078-4F59E1544E88}.Ad-Hoc|Any CPU.ActiveCfg = Release|Any CPU
		{018E45EB-9002-4D40-9078-4F59E1544E88}.Ad-Hoc|Any CPU.Build.0 = Release|Any CPU
		{018E45EB-9002-4D40-9078-4F59E1544E88}.Ad-Hoc|iPhone.ActiveCfg = Release|Any CPU
		{018E45EB-9002-4D40-9078-4F59E1544E88}.Ad-Hoc|iPhoneSimulator.ActiveCfg = Release|Any CPU
		{018E45EB-9002-4D40-9078-4F59E1544E88}.Ad-Hoc|Mixed Platforms.ActiveCfg = Release|Any CPU
		{018E45EB-9002-4D40-9078-4F59E1544E88}.Ad-Hoc|Mixed Platforms.Build.0 = Release|Any CPU
		{018E45EB-9002-4D40-9078-4F59E1544E88}.AppStore|Any CPU.ActiveCfg = Release|Any CPU
		{018E45EB-9002-4D40-9078-4F59E1544E88}.AppStore|Any CPU.Build.0 = Release|Any CPU
		{018E45EB-9002-4D40-9078-4F59E1544E88}.AppStore|iPhone.ActiveCfg = Release|Any CPU
		{018E45EB-9002-4D40-9078-4F59E1544E88}.AppStore|iPhoneSimulator.ActiveCfg = Release|Any CPU
		{018E45EB-9002-4D40-9078-4F59E1544E88}.AppStore|Mixed Platforms.ActiveCfg = Release|Any CPU
		{018E45EB-9002-4D40-9078-4F59E1544E88}.AppStore|Mixed Platforms.Build.0 = Release|Any CPU
		{018E45EB-9002-4D40-9078-4F59E1544E88}.Debug|Any CPU.ActiveCfg = Debug|Any CPU
		{018E45EB-9002-4D40-9078-4F59E1544E88}.Debug|Any CPU.Build.0 = Debug|Any CPU
		{018E45EB-9002-4D40-9078-4F59E1544E88}.Debug|iPhone.ActiveCfg = Debug|Any CPU
		{018E45EB-9002-4D40-9078-4F59E1544E88}.Debug|iPhoneSimulator.ActiveCfg = Debug|Any CPU
		{018E45EB-9002-4D40-9078-4F59E1544E88}.Debug|Mixed Platforms.ActiveCfg = Debug|Any CPU
		{018E45EB-9002-4D40-9078-4F59E1544E88}.Debug|Mixed Platforms.Build.0 = Debug|Any CPU
		{018E45EB-9002-4D40-9078-4F59E1544E88}.Release|Any CPU.ActiveCfg = Release|Any CPU
		{018E45EB-9002-4D40-9078-4F59E1544E88}.Release|Any CPU.Build.0 = Release|Any CPU
		{018E45EB-9002-4D40-9078-4F59E1544E88}.Release|iPhone.ActiveCfg = Release|Any CPU
		{018E45EB-9002-4D40-9078-4F59E1544E88}.Release|iPhoneSimulator.ActiveCfg = Release|Any CPU
		{018E45EB-9002-4D40-9078-4F59E1544E88}.Release|Mixed Platforms.ActiveCfg = Release|Any CPU
		{018E45EB-9002-4D40-9078-4F59E1544E88}.Release|Mixed Platforms.Build.0 = Release|Any CPU
		{FF37393A-4A13-443E-B782-87AC8CE2C17E}.Ad-Hoc|Any CPU.ActiveCfg = Ad-Hoc|iPhone
		{FF37393A-4A13-443E-B782-87AC8CE2C17E}.Ad-Hoc|iPhone.ActiveCfg = Ad-Hoc|iPhone
		{FF37393A-4A13-443E-B782-87AC8CE2C17E}.Ad-Hoc|iPhone.Build.0 = Ad-Hoc|iPhone
		{FF37393A-4A13-443E-B782-87AC8CE2C17E}.Ad-Hoc|iPhone.Deploy.0 = Ad-Hoc|iPhone
		{FF37393A-4A13-443E-B782-87AC8CE2C17E}.Ad-Hoc|iPhoneSimulator.ActiveCfg = Ad-Hoc|iPhoneSimulator
		{FF37393A-4A13-443E-B782-87AC8CE2C17E}.Ad-Hoc|iPhoneSimulator.Build.0 = Ad-Hoc|iPhoneSimulator
		{FF37393A-4A13-443E-B782-87AC8CE2C17E}.Ad-Hoc|iPhoneSimulator.Deploy.0 = Ad-Hoc|iPhoneSimulator
		{FF37393A-4A13-443E-B782-87AC8CE2C17E}.Ad-Hoc|Mixed Platforms.ActiveCfg = Ad-Hoc|iPhone
		{FF37393A-4A13-443E-B782-87AC8CE2C17E}.Ad-Hoc|Mixed Platforms.Build.0 = Ad-Hoc|iPhone
		{FF37393A-4A13-443E-B782-87AC8CE2C17E}.Ad-Hoc|Mixed Platforms.Deploy.0 = Ad-Hoc|iPhone
		{FF37393A-4A13-443E-B782-87AC8CE2C17E}.AppStore|Any CPU.ActiveCfg = AppStore|iPhone
		{FF37393A-4A13-443E-B782-87AC8CE2C17E}.AppStore|iPhone.ActiveCfg = AppStore|iPhone
		{FF37393A-4A13-443E-B782-87AC8CE2C17E}.AppStore|iPhone.Build.0 = AppStore|iPhone
		{FF37393A-4A13-443E-B782-87AC8CE2C17E}.AppStore|iPhone.Deploy.0 = AppStore|iPhone
		{FF37393A-4A13-443E-B782-87AC8CE2C17E}.AppStore|iPhoneSimulator.ActiveCfg = AppStore|iPhoneSimulator
		{FF37393A-4A13-443E-B782-87AC8CE2C17E}.AppStore|iPhoneSimulator.Build.0 = AppStore|iPhoneSimulator
		{FF37393A-4A13-443E-B782-87AC8CE2C17E}.AppStore|iPhoneSimulator.Deploy.0 = AppStore|iPhoneSimulator
		{FF37393A-4A13-443E-B782-87AC8CE2C17E}.AppStore|Mixed Platforms.ActiveCfg = AppStore|iPhone
		{FF37393A-4A13-443E-B782-87AC8CE2C17E}.AppStore|Mixed Platforms.Build.0 = AppStore|iPhone
		{FF37393A-4A13-443E-B782-87AC8CE2C17E}.AppStore|Mixed Platforms.Deploy.0 = AppStore|iPhone
		{FF37393A-4A13-443E-B782-87AC8CE2C17E}.Debug|Any CPU.ActiveCfg = Debug|iPhone
		{FF37393A-4A13-443E-B782-87AC8CE2C17E}.Debug|iPhone.ActiveCfg = Debug|iPhone
		{FF37393A-4A13-443E-B782-87AC8CE2C17E}.Debug|iPhone.Build.0 = Debug|iPhone
		{FF37393A-4A13-443E-B782-87AC8CE2C17E}.Debug|iPhone.Deploy.0 = Debug|iPhone
		{FF37393A-4A13-443E-B782-87AC8CE2C17E}.Debug|iPhoneSimulator.ActiveCfg = Debug|iPhoneSimulator
		{FF37393A-4A13-443E-B782-87AC8CE2C17E}.Debug|iPhoneSimulator.Build.0 = Debug|iPhoneSimulator
		{FF37393A-4A13-443E-B782-87AC8CE2C17E}.Debug|iPhoneSimulator.Deploy.0 = Debug|iPhoneSimulator
		{FF37393A-4A13-443E-B782-87AC8CE2C17E}.Debug|Mixed Platforms.ActiveCfg = Debug|iPhone
		{FF37393A-4A13-443E-B782-87AC8CE2C17E}.Debug|Mixed Platforms.Build.0 = Debug|iPhone
		{FF37393A-4A13-443E-B782-87AC8CE2C17E}.Debug|Mixed Platforms.Deploy.0 = Debug|iPhone
		{FF37393A-4A13-443E-B782-87AC8CE2C17E}.Release|Any CPU.ActiveCfg = Release|iPhone
		{FF37393A-4A13-443E-B782-87AC8CE2C17E}.Release|iPhone.ActiveCfg = Release|iPhone
		{FF37393A-4A13-443E-B782-87AC8CE2C17E}.Release|iPhone.Build.0 = Release|iPhone
		{FF37393A-4A13-443E-B782-87AC8CE2C17E}.Release|iPhone.Deploy.0 = Release|iPhone
		{FF37393A-4A13-443E-B782-87AC8CE2C17E}.Release|iPhoneSimulator.ActiveCfg = Release|iPhoneSimulator
		{FF37393A-4A13-443E-B782-87AC8CE2C17E}.Release|iPhoneSimulator.Build.0 = Release|iPhoneSimulator
		{FF37393A-4A13-443E-B782-87AC8CE2C17E}.Release|iPhoneSimulator.Deploy.0 = Release|iPhoneSimulator
		{FF37393A-4A13-443E-B782-87AC8CE2C17E}.Release|Mixed Platforms.ActiveCfg = Release|iPhone
		{FF37393A-4A13-443E-B782-87AC8CE2C17E}.Release|Mixed Platforms.Build.0 = Release|iPhone
		{FF37393A-4A13-443E-B782-87AC8CE2C17E}.Release|Mixed Platforms.Deploy.0 = Release|iPhone
		{680C5336-0C0C-4F11-8557-830FC4773FA9}.Ad-Hoc|Any CPU.ActiveCfg = Release|Any CPU
		{680C5336-0C0C-4F11-8557-830FC4773FA9}.Ad-Hoc|Any CPU.Build.0 = Release|Any CPU
		{680C5336-0C0C-4F11-8557-830FC4773FA9}.Ad-Hoc|Any CPU.Deploy.0 = Release|Any CPU
		{680C5336-0C0C-4F11-8557-830FC4773FA9}.Ad-Hoc|iPhone.ActiveCfg = Release|Any CPU
		{680C5336-0C0C-4F11-8557-830FC4773FA9}.Ad-Hoc|iPhoneSimulator.ActiveCfg = Release|Any CPU
		{680C5336-0C0C-4F11-8557-830FC4773FA9}.Ad-Hoc|Mixed Platforms.ActiveCfg = Release|Any CPU
		{680C5336-0C0C-4F11-8557-830FC4773FA9}.Ad-Hoc|Mixed Platforms.Build.0 = Release|Any CPU
		{680C5336-0C0C-4F11-8557-830FC4773FA9}.Ad-Hoc|Mixed Platforms.Deploy.0 = Release|Any CPU
		{680C5336-0C0C-4F11-8557-830FC4773FA9}.AppStore|Any CPU.ActiveCfg = Release|Any CPU
		{680C5336-0C0C-4F11-8557-830FC4773FA9}.AppStore|Any CPU.Build.0 = Release|Any CPU
		{680C5336-0C0C-4F11-8557-830FC4773FA9}.AppStore|Any CPU.Deploy.0 = Release|Any CPU
		{680C5336-0C0C-4F11-8557-830FC4773FA9}.AppStore|iPhone.ActiveCfg = Release|Any CPU
		{680C5336-0C0C-4F11-8557-830FC4773FA9}.AppStore|iPhoneSimulator.ActiveCfg = Release|Any CPU
		{680C5336-0C0C-4F11-8557-830FC4773FA9}.AppStore|Mixed Platforms.ActiveCfg = Release|Any CPU
		{680C5336-0C0C-4F11-8557-830FC4773FA9}.AppStore|Mixed Platforms.Build.0 = Release|Any CPU
		{680C5336-0C0C-4F11-8557-830FC4773FA9}.AppStore|Mixed Platforms.Deploy.0 = Release|Any CPU
		{680C5336-0C0C-4F11-8557-830FC4773FA9}.Debug|Any CPU.ActiveCfg = Debug|Any CPU
		{680C5336-0C0C-4F11-8557-830FC4773FA9}.Debug|Any CPU.Build.0 = Debug|Any CPU
		{680C5336-0C0C-4F11-8557-830FC4773FA9}.Debug|Any CPU.Deploy.0 = Debug|Any CPU
		{680C5336-0C0C-4F11-8557-830FC4773FA9}.Debug|iPhone.ActiveCfg = Debug|Any CPU
		{680C5336-0C0C-4F11-8557-830FC4773FA9}.Debug|iPhoneSimulator.ActiveCfg = Debug|Any CPU
		{680C5336-0C0C-4F11-8557-830FC4773FA9}.Debug|Mixed Platforms.ActiveCfg = Debug|Any CPU
		{680C5336-0C0C-4F11-8557-830FC4773FA9}.Debug|Mixed Platforms.Build.0 = Debug|Any CPU
		{680C5336-0C0C-4F11-8557-830FC4773FA9}.Debug|Mixed Platforms.Deploy.0 = Debug|Any CPU
		{680C5336-0C0C-4F11-8557-830FC4773FA9}.Release|Any CPU.ActiveCfg = Release|Any CPU
		{680C5336-0C0C-4F11-8557-830FC4773FA9}.Release|Any CPU.Build.0 = Release|Any CPU
		{680C5336-0C0C-4F11-8557-830FC4773FA9}.Release|Any CPU.Deploy.0 = Release|Any CPU
		{680C5336-0C0C-4F11-8557-830FC4773FA9}.Release|iPhone.ActiveCfg = Release|Any CPU
		{680C5336-0C0C-4F11-8557-830FC4773FA9}.Release|iPhoneSimulator.ActiveCfg = Release|Any CPU
		{680C5336-0C0C-4F11-8557-830FC4773FA9}.Release|Mixed Platforms.ActiveCfg = Release|Any CPU
		{680C5336-0C0C-4F11-8557-830FC4773FA9}.Release|Mixed Platforms.Build.0 = Release|Any CPU
		{680C5336-0C0C-4F11-8557-830FC4773FA9}.Release|Mixed Platforms.Deploy.0 = Release|Any CPU
	EndGlobalSection
	GlobalSection(SolutionProperties) = preSolution
		HideSolutionNode = FALSE
	EndGlobalSection
EndGlobal
