
Microsoft Visual Studio Solution File, Format Version 12.00
# Visual Studio 2012
Project("{FAE04EC0-301F-11D3-BF4B-00C04F79EFBC}") = "Sertie.core", "Sertie.core\Sertie.core\Sertie.core.csproj", "{87946249-C85E-49F1-A8C1-664E8DFBF4BF}"
EndProject
Project("{FAE04EC0-301F-11D3-BF4B-00C04F79EFBC}") = "Sertie.core.iOS", "Sertie.core\Sertie.core.iOS\Sertie.core.iOS.csproj", "{91670792-C259-44DA-9278-8C06E2400513}"
EndProject
Project("{FAE04EC0-301F-11D3-BF4B-00C04F79EFBC}") = "Sertie.core.Android", "Sertie.core\Sertie.core.Android\Sertie.core.Android.csproj", "{5648D596-1322-4D2F-A97C-7C0ECE832C3F}"
EndProject
Project("{FAE04EC0-301F-11D3-BF4B-00C04F79EFBC}") = "SertieTest", "SertieTest\SertieTest.csproj", "{1639D650-ECD9-40B6-9B22-C6C2F46E1112}"
EndProject
Global
	GlobalSection(SolutionConfigurationPlatforms) = preSolution
		Ad-Hoc|Any CPU = Ad-Hoc|Any CPU
		Ad-Hoc|iPhone = Ad-Hoc|iPhone
		Ad-Hoc|iPhoneSimulator = Ad-Hoc|iPhoneSimulator
		Ad-Hoc|Mixed Platforms = Ad-Hoc|Mixed Platforms
		AppStore|Any CPU = AppStore|Any CPU
		AppStore|iPhone = AppStore|iPhone
		AppStore|iPhoneSimulator = AppStore|iPhoneSimulator
		AppStore|Mixed Platforms = AppStore|Mixed Platforms
		Debug|Any CPU = Debug|Any CPU
		Debug|iPhone = Debug|iPhone
		Debug|iPhoneSimulator = Debug|iPhoneSimulator
		Debug|Mixed Platforms = Debug|Mixed Platforms
		Release|Any CPU = Release|Any CPU
		Release|iPhone = Release|iPhone
		Release|iPhoneSimulator = Release|iPhoneSimulator
		Release|Mixed Platforms = Release|Mixed Platforms
	EndGlobalSection
	GlobalSection(ProjectConfigurationPlatforms) = postSolution
		{87946249-C85E-49F1-A8C1-664E8DFBF4BF}.Ad-Hoc|Any CPU.ActiveCfg = Release|Any CPU
		{87946249-C85E-49F1-A8C1-664E8DFBF4BF}.Ad-Hoc|Any CPU.Build.0 = Release|Any CPU
		{87946249-C85E-49F1-A8C1-664E8DFBF4BF}.Ad-Hoc|iPhone.ActiveCfg = Release|Any CPU
		{87946249-C85E-49F1-A8C1-664E8DFBF4BF}.Ad-Hoc|iPhoneSimulator.ActiveCfg = Release|Any CPU
		{87946249-C85E-49F1-A8C1-664E8DFBF4BF}.Ad-Hoc|Mixed Platforms.ActiveCfg = Release|Any CPU
		{87946249-C85E-49F1-A8C1-664E8DFBF4BF}.Ad-Hoc|Mixed Platforms.Build.0 = Release|Any CPU
		{87946249-C85E-49F1-A8C1-664E8DFBF4BF}.AppStore|Any CPU.ActiveCfg = Release|Any CPU
		{87946249-C85E-49F1-A8C1-664E8DFBF4BF}.AppStore|Any CPU.Build.0 = Release|Any CPU
		{87946249-C85E-49F1-A8C1-664E8DFBF4BF}.AppStore|iPhone.ActiveCfg = Release|Any CPU
		{87946249-C85E-49F1-A8C1-664E8DFBF4BF}.AppStore|iPhoneSimulator.ActiveCfg = Release|Any CPU
		{87946249-C85E-49F1-A8C1-664E8DFBF4BF}.AppStore|Mixed Platforms.ActiveCfg = Release|Any CPU
		{87946249-C85E-49F1-A8C1-664E8DFBF4BF}.AppStore|Mixed Platforms.Build.0 = Release|Any CPU
		{87946249-C85E-49F1-A8C1-664E8DFBF4BF}.Debug|Any CPU.ActiveCfg = Debug|Any CPU
		{87946249-C85E-49F1-A8C1-664E8DFBF4BF}.Debug|Any CPU.Build.0 = Debug|Any CPU
		{87946249-C85E-49F1-A8C1-664E8DFBF4BF}.Debug|iPhone.ActiveCfg = Debug|Any CPU
		{87946249-C85E-49F1-A8C1-664E8DFBF4BF}.Debug|iPhoneSimulator.ActiveCfg = Debug|Any CPU
		{87946249-C85E-49F1-A8C1-664E8DFBF4BF}.Debug|Mixed Platforms.ActiveCfg = Debug|Any CPU
		{87946249-C85E-49F1-A8C1-664E8DFBF4BF}.Debug|Mixed Platforms.Build.0 = Debug|Any CPU
		{87946249-C85E-49F1-A8C1-664E8DFBF4BF}.Release|Any CPU.ActiveCfg = Release|Any CPU
		{87946249-C85E-49F1-A8C1-664E8DFBF4BF}.Release|Any CPU.Build.0 = Release|Any CPU
		{87946249-C85E-49F1-A8C1-664E8DFBF4BF}.Release|iPhone.ActiveCfg = Release|Any CPU
		{87946249-C85E-49F1-A8C1-664E8DFBF4BF}.Release|iPhoneSimulator.ActiveCfg = Release|Any CPU
		{87946249-C85E-49F1-A8C1-664E8DFBF4BF}.Release|Mixed Platforms.ActiveCfg = Release|Any CPU
		{87946249-C85E-49F1-A8C1-664E8DFBF4BF}.Release|Mixed Platforms.Build.0 = Release|Any CPU
		{91670792-C259-44DA-9278-8C06E2400513}.Ad-Hoc|Any CPU.ActiveCfg = Ad-Hoc|iPhone
		{91670792-C259-44DA-9278-8C06E2400513}.Ad-Hoc|iPhone.ActiveCfg = Ad-Hoc|iPhone
		{91670792-C259-44DA-9278-8C06E2400513}.Ad-Hoc|iPhone.Build.0 = Ad-Hoc|iPhone
		{91670792-C259-44DA-9278-8C06E2400513}.Ad-Hoc|iPhone.Deploy.0 = Ad-Hoc|iPhone
		{91670792-C259-44DA-9278-8C06E2400513}.Ad-Hoc|iPhoneSimulator.ActiveCfg = Ad-Hoc|iPhoneSimulator
		{91670792-C259-44DA-9278-8C06E2400513}.Ad-Hoc|iPhoneSimulator.Build.0 = Ad-Hoc|iPhoneSimulator
		{91670792-C259-44DA-9278-8C06E2400513}.Ad-Hoc|iPhoneSimulator.Deploy.0 = Ad-Hoc|iPhoneSimulator
		{91670792-C259-44DA-9278-8C06E2400513}.Ad-Hoc|Mixed Platforms.ActiveCfg = Ad-Hoc|iPhone
		{91670792-C259-44DA-9278-8C06E2400513}.Ad-Hoc|Mixed Platforms.Build.0 = Ad-Hoc|iPhone
		{91670792-C259-44DA-9278-8C06E2400513}.Ad-Hoc|Mixed Platforms.Deploy.0 = Ad-Hoc|iPhone
		{91670792-C259-44DA-9278-8C06E2400513}.AppStore|Any CPU.ActiveCfg = AppStore|iPhone
		{91670792-C259-44DA-9278-8C06E2400513}.AppStore|iPhone.ActiveCfg = AppStore|iPhone
		{91670792-C259-44DA-9278-8C06E2400513}.AppStore|iPhone.Build.0 = AppStore|iPhone
		{91670792-C259-44DA-9278-8C06E2400513}.AppStore|iPhone.Deploy.0 = AppStore|iPhone
		{91670792-C259-44DA-9278-8C06E2400513}.AppStore|iPhoneSimulator.ActiveCfg = AppStore|iPhoneSimulator
		{91670792-C259-44DA-9278-8C06E2400513}.AppStore|iPhoneSimulator.Build.0 = AppStore|iPhoneSimulator
		{91670792-C259-44DA-9278-8C06E2400513}.AppStore|iPhoneSimulator.Deploy.0 = AppStore|iPhoneSimulator
		{91670792-C259-44DA-9278-8C06E2400513}.AppStore|Mixed Platforms.ActiveCfg = AppStore|iPhone
		{91670792-C259-44DA-9278-8C06E2400513}.AppStore|Mixed Platforms.Build.0 = AppStore|iPhone
		{91670792-C259-44DA-9278-8C06E2400513}.AppStore|Mixed Platforms.Deploy.0 = AppStore|iPhone
		{91670792-C259-44DA-9278-8C06E2400513}.Debug|Any CPU.ActiveCfg = Debug|iPhone
		{91670792-C259-44DA-9278-8C06E2400513}.Debug|iPhone.ActiveCfg = Debug|iPhone
		{91670792-C259-44DA-9278-8C06E2400513}.Debug|iPhone.Build.0 = Debug|iPhone
		{91670792-C259-44DA-9278-8C06E2400513}.Debug|iPhone.Deploy.0 = Debug|iPhone
		{91670792-C259-44DA-9278-8C06E2400513}.Debug|iPhoneSimulator.ActiveCfg = Debug|iPhoneSimulator
		{91670792-C259-44DA-9278-8C06E2400513}.Debug|iPhoneSimulator.Build.0 = Debug|iPhoneSimulator
		{91670792-C259-44DA-9278-8C06E2400513}.Debug|iPhoneSimulator.Deploy.0 = Debug|iPhoneSimulator
		{91670792-C259-44DA-9278-8C06E2400513}.Debug|Mixed Platforms.ActiveCfg = Debug|iPhone
		{91670792-C259-44DA-9278-8C06E2400513}.Debug|Mixed Platforms.Build.0 = Debug|iPhone
		{91670792-C259-44DA-9278-8C06E2400513}.Debug|Mixed Platforms.Deploy.0 = Debug|iPhone
		{91670792-C259-44DA-9278-8C06E2400513}.Release|Any CPU.ActiveCfg = Release|iPhone
		{91670792-C259-44DA-9278-8C06E2400513}.Release|iPhone.ActiveCfg = Release|iPhone
		{91670792-C259-44DA-9278-8C06E2400513}.Release|iPhone.Build.0 = Release|iPhone
		{91670792-C259-44DA-9278-8C06E2400513}.Release|iPhone.Deploy.0 = Release|iPhone
		{91670792-C259-44DA-9278-8C06E2400513}.Release|iPhoneSimulator.ActiveCfg = Release|iPhoneSimulator
		{91670792-C259-44DA-9278-8C06E2400513}.Release|iPhoneSimulator.Build.0 = Release|iPhoneSimulator
		{91670792-C259-44DA-9278-8C06E2400513}.Release|iPhoneSimulator.Deploy.0 = Release|iPhoneSimulator
		{91670792-C259-44DA-9278-8C06E2400513}.Release|Mixed Platforms.ActiveCfg = Release|iPhone
		{91670792-C259-44DA-9278-8C06E2400513}.Release|Mixed Platforms.Build.0 = Release|iPhone
		{91670792-C259-44DA-9278-8C06E2400513}.Release|Mixed Platforms.Deploy.0 = Release|iPhone
		{5648D596-1322-4D2F-A97C-7C0ECE832C3F}.Ad-Hoc|Any CPU.ActiveCfg = Release|Any CPU
		{5648D596-1322-4D2F-A97C-7C0ECE832C3F}.Ad-Hoc|Any CPU.Build.0 = Release|Any CPU
		{5648D596-1322-4D2F-A97C-7C0ECE832C3F}.Ad-Hoc|Any CPU.Deploy.0 = Release|Any CPU
		{5648D596-1322-4D2F-A97C-7C0ECE832C3F}.Ad-Hoc|iPhone.ActiveCfg = Release|Any CPU
		{5648D596-1322-4D2F-A97C-7C0ECE832C3F}.Ad-Hoc|iPhoneSimulator.ActiveCfg = Release|Any CPU
		{5648D596-1322-4D2F-A97C-7C0ECE832C3F}.Ad-Hoc|Mixed Platforms.ActiveCfg = Release|Any CPU
		{5648D596-1322-4D2F-A97C-7C0ECE832C3F}.Ad-Hoc|Mixed Platforms.Build.0 = Release|Any CPU
		{5648D596-1322-4D2F-A97C-7C0ECE832C3F}.Ad-Hoc|Mixed Platforms.Deploy.0 = Release|Any CPU
		{5648D596-1322-4D2F-A97C-7C0ECE832C3F}.AppStore|Any CPU.ActiveCfg = Release|Any CPU
		{5648D596-1322-4D2F-A97C-7C0ECE832C3F}.AppStore|Any CPU.Build.0 = Release|Any CPU
		{5648D596-1322-4D2F-A97C-7C0ECE832C3F}.AppStore|Any CPU.Deploy.0 = Release|Any CPU
		{5648D596-1322-4D2F-A97C-7C0ECE832C3F}.AppStore|iPhone.ActiveCfg = Release|Any CPU
		{5648D596-1322-4D2F-A97C-7C0ECE832C3F}.AppStore|iPhoneSimulator.ActiveCfg = Release|Any CPU
		{5648D596-1322-4D2F-A97C-7C0ECE832C3F}.AppStore|Mixed Platforms.ActiveCfg = Release|Any CPU
		{5648D596-1322-4D2F-A97C-7C0ECE832C3F}.AppStore|Mixed Platforms.Build.0 = Release|Any CPU
		{5648D596-1322-4D2F-A97C-7C0ECE832C3F}.AppStore|Mixed Platforms.Deploy.0 = Release|Any CPU
		{5648D596-1322-4D2F-A97C-7C0ECE832C3F}.Debug|Any CPU.ActiveCfg = Debug|Any CPU
		{5648D596-1322-4D2F-A97C-7C0ECE832C3F}.Debug|Any CPU.Build.0 = Debug|Any CPU
		{5648D596-1322-4D2F-A97C-7C0ECE832C3F}.Debug|Any CPU.Deploy.0 = Debug|Any CPU
		{5648D596-1322-4D2F-A97C-7C0ECE832C3F}.Debug|iPhone.ActiveCfg = Debug|Any CPU
		{5648D596-1322-4D2F-A97C-7C0ECE832C3F}.Debug|iPhoneSimulator.ActiveCfg = Debug|Any CPU
		{5648D596-1322-4D2F-A97C-7C0ECE832C3F}.Debug|Mixed Platforms.ActiveCfg = Debug|Any CPU
		{5648D596-1322-4D2F-A97C-7C0ECE832C3F}.Debug|Mixed Platforms.Build.0 = Debug|Any CPU
		{5648D596-1322-4D2F-A97C-7C0ECE832C3F}.Debug|Mixed Platforms.Deploy.0 = Debug|Any CPU
		{5648D596-1322-4D2F-A97C-7C0ECE832C3F}.Release|Any CPU.ActiveCfg = Release|Any CPU
		{5648D596-1322-4D2F-A97C-7C0ECE832C3F}.Release|Any CPU.Build.0 = Release|Any CPU
		{5648D596-1322-4D2F-A97C-7C0ECE832C3F}.Release|Any CPU.Deploy.0 = Release|Any CPU
		{5648D596-1322-4D2F-A97C-7C0ECE832C3F}.Release|iPhone.ActiveCfg = Release|Any CPU
		{5648D596-1322-4D2F-A97C-7C0ECE832C3F}.Release|iPhoneSimulator.ActiveCfg = Release|Any CPU
		{5648D596-1322-4D2F-A97C-7C0ECE832C3F}.Release|Mixed Platforms.ActiveCfg = Release|Any CPU
		{5648D596-1322-4D2F-A97C-7C0ECE832C3F}.Release|Mixed Platforms.Build.0 = Release|Any CPU
		{5648D596-1322-4D2F-A97C-7C0ECE832C3F}.Release|Mixed Platforms.Deploy.0 = Release|Any CPU
		{1639D650-ECD9-40B6-9B22-C6C2F46E1112}.Ad-Hoc|Any CPU.ActiveCfg = Release|Any CPU
		{1639D650-ECD9-40B6-9B22-C6C2F46E1112}.Ad-Hoc|Any CPU.Build.0 = Release|Any CPU
		{1639D650-ECD9-40B6-9B22-C6C2F46E1112}.Ad-Hoc|iPhone.ActiveCfg = Release|Any CPU
		{1639D650-ECD9-40B6-9B22-C6C2F46E1112}.Ad-Hoc|iPhoneSimulator.ActiveCfg = Release|Any CPU
		{1639D650-ECD9-40B6-9B22-C6C2F46E1112}.Ad-Hoc|Mixed Platforms.ActiveCfg = Release|Any CPU
		{1639D650-ECD9-40B6-9B22-C6C2F46E1112}.Ad-Hoc|Mixed Platforms.Build.0 = Release|Any CPU
		{1639D650-ECD9-40B6-9B22-C6C2F46E1112}.AppStore|Any CPU.ActiveCfg = Release|Any CPU
		{1639D650-ECD9-40B6-9B22-C6C2F46E1112}.AppStore|Any CPU.Build.0 = Release|Any CPU
		{1639D650-ECD9-40B6-9B22-C6C2F46E1112}.AppStore|iPhone.ActiveCfg = Release|Any CPU
		{1639D650-ECD9-40B6-9B22-C6C2F46E1112}.AppStore|iPhoneSimulator.ActiveCfg = Release|Any CPU
		{1639D650-ECD9-40B6-9B22-C6C2F46E1112}.AppStore|Mixed Platforms.ActiveCfg = Release|Any CPU
		{1639D650-ECD9-40B6-9B22-C6C2F46E1112}.AppStore|Mixed Platforms.Build.0 = Release|Any CPU
		{1639D650-ECD9-40B6-9B22-C6C2F46E1112}.Debug|Any CPU.ActiveCfg = Debug|Any CPU
		{1639D650-ECD9-40B6-9B22-C6C2F46E1112}.Debug|Any CPU.Build.0 = Debug|Any CPU
		{1639D650-ECD9-40B6-9B22-C6C2F46E1112}.Debug|iPhone.ActiveCfg = Debug|Any CPU
		{1639D650-ECD9-40B6-9B22-C6C2F46E1112}.Debug|iPhoneSimulator.ActiveCfg = Debug|Any CPU
		{1639D650-ECD9-40B6-9B22-C6C2F46E1112}.Debug|Mixed Platforms.ActiveCfg = Debug|Any CPU
		{1639D650-ECD9-40B6-9B22-C6C2F46E1112}.Debug|Mixed Platforms.Build.0 = Debug|Any CPU
		{1639D650-ECD9-40B6-9B22-C6C2F46E1112}.Release|Any CPU.ActiveCfg = Release|Any CPU
		{1639D650-ECD9-40B6-9B22-C6C2F46E1112}.Release|Any CPU.Build.0 = Release|Any CPU
		{1639D650-ECD9-40B6-9B22-C6C2F46E1112}.Release|iPhone.ActiveCfg = Release|Any CPU
		{1639D650-ECD9-40B6-9B22-C6C2F46E1112}.Release|iPhoneSimulator.ActiveCfg = Release|Any CPU
		{1639D650-ECD9-40B6-9B22-C6C2F46E1112}.Release|Mixed Platforms.ActiveCfg = Release|Any CPU
		{1639D650-ECD9-40B6-9B22-C6C2F46E1112}.Release|Mixed Platforms.Build.0 = Release|Any CPU
	EndGlobalSection
	GlobalSection(SolutionProperties) = preSolution
		HideSolutionNode = FALSE
	EndGlobalSection
EndGlobal
